// !$*UTF8*$!
{
	archiveVersion = 1;
	classes = {
	};
	objectVersion = 46;
	objects = {

/* Begin PBXBuildFile section */
		4C153E011E9CF2EB00E26687 /* main.c in Sources */ = {isa = PBXBuildFile; fileRef = 4C153DF61E9CF2EB00E26687 /* main.c */; };
		4C153E021E9CF2EB00E26687 /* PEQ_colour.c in Sources */ = {isa = PBXBuildFile; fileRef = 4C153DF71E9CF2EB00E26687 /* PEQ_colour.c */; };
		4C153E031E9CF2EB00E26687 /* PEQ_engine.c in Sources */ = {isa = PBXBuildFile; fileRef = 4C153DF91E9CF2EB00E26687 /* PEQ_engine.c */; };
		4C153E041E9CF2EB00E26687 /* PEQ_geometry.c in Sources */ = {isa = PBXBuildFile; fileRef = 4C153DFB1E9CF2EB00E26687 /* PEQ_geometry.c */; };
		4C153E051E9CF2EB00E26687 /* PEQ_object.c in Sources */ = {isa = PBXBuildFile; fileRef = 4C153DFD1E9CF2EB00E26687 /* PEQ_object.c */; };
		4C153E061E9CF2EB00E26687 /* PEQ_utility.c in Sources */ = {isa = PBXBuildFile; fileRef = 4C153DFF1E9CF2EB00E26687 /* PEQ_utility.c */; };
		4C153E091E9CF34000E26687 /* SDL2_ttf.framework in Frameworks */ = {isa = PBXBuildFile; fileRef = 4C153E081E9CF34000E26687 /* SDL2_ttf.framework */; };
		CF1CE2971E976CD400865147 /* SDL2_image.framework in Frameworks */ = {isa = PBXBuildFile; fileRef = CF1CE2951E976CD400865147 /* SDL2_image.framework */; };
		CF1CE2981E976CD400865147 /* SDL2.framework in Frameworks */ = {isa = PBXBuildFile; fileRef = CF1CE2961E976CD400865147 /* SDL2.framework */; };
/* End PBXBuildFile section */

/* Begin PBXCopyFilesBuildPhase section */
		4C814B121E9323DD00DCABBF /* CopyFiles */ = {
			isa = PBXCopyFilesBuildPhase;
			buildActionMask = 2147483647;
			dstPath = /usr/share/man/man1/;
			dstSubfolderSpec = 0;
			files = (
			);
			runOnlyForDeploymentPostprocessing = 1;
		};
/* End PBXCopyFilesBuildPhase section */

/* Begin PBXFileReference section */
		4C153DF61E9CF2EB00E26687 /* main.c */ = {isa = PBXFileReference; fileEncoding = 4; lastKnownFileType = sourcecode.c.c; name = main.c; path = "../../../../../Downloads/PEQ-C-195402178ca1e54903daac8708681b223c9296c9/pequad-c/main.c"; sourceTree = "<group>"; };
		4C153DF71E9CF2EB00E26687 /* PEQ_colour.c */ = {isa = PBXFileReference; fileEncoding = 4; lastKnownFileType = sourcecode.c.c; name = PEQ_colour.c; path = "../../../../Downloads/PEQ-C-195402178ca1e54903daac8708681b223c9296c9/pequad-c/PEQ_colour.c"; sourceTree = "<group>"; };
		4C153DF81E9CF2EB00E26687 /* PEQ_colour.h */ = {isa = PBXFileReference; fileEncoding = 4; lastKnownFileType = sourcecode.c.h; name = PEQ_colour.h; path = "../../../../Downloads/PEQ-C-195402178ca1e54903daac8708681b223c9296c9/pequad-c/PEQ_colour.h"; sourceTree = "<group>"; };
		4C153DF91E9CF2EB00E26687 /* PEQ_engine.c */ = {isa = PBXFileReference; fileEncoding = 4; lastKnownFileType = sourcecode.c.c; name = PEQ_engine.c; path = "../../../../Downloads/PEQ-C-195402178ca1e54903daac8708681b223c9296c9/pequad-c/PEQ_engine.c"; sourceTree = "<group>"; };
		4C153DFA1E9CF2EB00E26687 /* PEQ_engine.h */ = {isa = PBXFileReference; fileEncoding = 4; lastKnownFileType = sourcecode.c.h; name = PEQ_engine.h; path = "../../../../Downloads/PEQ-C-195402178ca1e54903daac8708681b223c9296c9/pequad-c/PEQ_engine.h"; sourceTree = "<group>"; };
		4C153DFB1E9CF2EB00E26687 /* PEQ_geometry.c */ = {isa = PBXFileReference; fileEncoding = 4; lastKnownFileType = sourcecode.c.c; name = PEQ_geometry.c; path = "../../../../Downloads/PEQ-C-195402178ca1e54903daac8708681b223c9296c9/pequad-c/PEQ_geometry.c"; sourceTree = "<group>"; };
		4C153DFC1E9CF2EB00E26687 /* PEQ_geometry.h */ = {isa = PBXFileReference; fileEncoding = 4; lastKnownFileType = sourcecode.c.h; name = PEQ_geometry.h; path = "../../../../Downloads/PEQ-C-195402178ca1e54903daac8708681b223c9296c9/pequad-c/PEQ_geometry.h"; sourceTree = "<group>"; };
		4C153DFD1E9CF2EB00E26687 /* PEQ_object.c */ = {isa = PBXFileReference; fileEncoding = 4; lastKnownFileType = sourcecode.c.c; name = PEQ_object.c; path = "../../../../Downloads/PEQ-C-195402178ca1e54903daac8708681b223c9296c9/pequad-c/PEQ_object.c"; sourceTree = "<group>"; };
		4C153DFE1E9CF2EB00E26687 /* PEQ_object.h */ = {isa = PBXFileReference; fileEncoding = 4; lastKnownFileType = sourcecode.c.h; name = PEQ_object.h; path = "../../../../Downloads/PEQ-C-195402178ca1e54903daac8708681b223c9296c9/pequad-c/PEQ_object.h"; sourceTree = "<group>"; };
		4C153DFF1E9CF2EB00E26687 /* PEQ_utility.c */ = {isa = PBXFileReference; fileEncoding = 4; lastKnownFileType = sourcecode.c.c; name = PEQ_utility.c; path = "../../../../Downloads/PEQ-C-195402178ca1e54903daac8708681b223c9296c9/pequad-c/PEQ_utility.c"; sourceTree = "<group>"; };
		4C153E001E9CF2EB00E26687 /* PEQ_utility.h */ = {isa = PBXFileReference; fileEncoding = 4; lastKnownFileType = sourcecode.c.h; name = PEQ_utility.h; path = "../../../../Downloads/PEQ-C-195402178ca1e54903daac8708681b223c9296c9/pequad-c/PEQ_utility.h"; sourceTree = "<group>"; };
		4C153E081E9CF34000E26687 /* SDL2_ttf.framework */ = {isa = PBXFileReference; lastKnownFileType = wrapper.framework; name = SDL2_ttf.framework; path = ../../../../Library/Frameworks/SDL2_ttf.framework; sourceTree = "<group>"; };
		4C814B141E9323DD00DCABBF /* pequad-c */ = {isa = PBXFileReference; explicitFileType = "compiled.mach-o.executable"; includeInIndex = 0; path = "pequad-c"; sourceTree = BUILT_PRODUCTS_DIR; };
		CF1CE2951E976CD400865147 /* SDL2_image.framework */ = {isa = PBXFileReference; lastKnownFileType = wrapper.framework; name = SDL2_image.framework; path = ../../../../../Library/Frameworks/SDL2_image.framework; sourceTree = "<group>"; };
		CF1CE2961E976CD400865147 /* SDL2.framework */ = {isa = PBXFileReference; lastKnownFileType = wrapper.framework; name = SDL2.framework; path = ../../../../../Library/Frameworks/SDL2.framework; sourceTree = "<group>"; };
/* End PBXFileReference section */

/* Begin PBXFrameworksBuildPhase section */
		4C814B111E9323DD00DCABBF /* Frameworks */ = {
			isa = PBXFrameworksBuildPhase;
			buildActionMask = 2147483647;
			files = (
				4C153E091E9CF34000E26687 /* SDL2_ttf.framework in Frameworks */,
				CF1CE2971E976CD400865147 /* SDL2_image.framework in Frameworks */,
				CF1CE2981E976CD400865147 /* SDL2.framework in Frameworks */,
			);
			runOnlyForDeploymentPostprocessing = 0;
		};
/* End PBXFrameworksBuildPhase section */

/* Begin PBXGroup section */
		4C153E071E9CF2F600E26687 /* PEQ_C */ = {
			isa = PBXGroup;
			children = (
				4C153DF71E9CF2EB00E26687 /* PEQ_colour.c */,
				4C153DF81E9CF2EB00E26687 /* PEQ_colour.h */,
				4C153DF91E9CF2EB00E26687 /* PEQ_engine.c */,
				4C153DFA1E9CF2EB00E26687 /* PEQ_engine.h */,
				4C153DFB1E9CF2EB00E26687 /* PEQ_geometry.c */,
				4C153DFC1E9CF2EB00E26687 /* PEQ_geometry.h */,
				4C153DFD1E9CF2EB00E26687 /* PEQ_object.c */,
				4C153DFE1E9CF2EB00E26687 /* PEQ_object.h */,
				4C153DFF1E9CF2EB00E26687 /* PEQ_utility.c */,
				4C153E001E9CF2EB00E26687 /* PEQ_utility.h */,
			);
			name = PEQ_C;
			path = ..;
			sourceTree = "<group>";
		};
		4C814B0B1E9323DD00DCABBF = {
			isa = PBXGroup;
			children = (
				4C814B161E9323DD00DCABBF /* application */,
				4C814B151E9323DD00DCABBF /* Products */,
				4C814B1E1E93241000DCABBF /* Frameworks */,
			);
			sourceTree = "<group>";
		};
		4C814B151E9323DD00DCABBF /* Products */ = {
			isa = PBXGroup;
			children = (
				4C814B141E9323DD00DCABBF /* pequad-c */,
			);
			name = Products;
			sourceTree = "<group>";
		};
		4C814B161E9323DD00DCABBF /* application */ = {
			isa = PBXGroup;
			children = (
				4C153DF61E9CF2EB00E26687 /* main.c */,
				4C153E071E9CF2F600E26687 /* PEQ_C */,
			);
			name = application;
			path = "pequad-c";
			sourceTree = "<group>";
		};
		4C814B1E1E93241000DCABBF /* Frameworks */ = {
			isa = PBXGroup;
			children = (
				4C153E081E9CF34000E26687 /* SDL2_ttf.framework */,
				CF1CE2951E976CD400865147 /* SDL2_image.framework */,
				CF1CE2961E976CD400865147 /* SDL2.framework */,
			);
			name = Frameworks;
			sourceTree = "<group>";
		};
/* End PBXGroup section */

/* Begin PBXNativeTarget section */
		4C814B131E9323DD00DCABBF /* pequad-c */ = {
			isa = PBXNativeTarget;
			buildConfigurationList = 4C814B1B1E9323DD00DCABBF /* Build configuration list for PBXNativeTarget "pequad-c" */;
			buildPhases = (
				4C814B101E9323DD00DCABBF /* Sources */,
				4C814B111E9323DD00DCABBF /* Frameworks */,
				4C814B121E9323DD00DCABBF /* CopyFiles */,
			);
			buildRules = (
			);
			dependencies = (
			);
			name = "pequad-c";
			productName = "pequad-c";
			productReference = 4C814B141E9323DD00DCABBF /* pequad-c */;
			productType = "com.apple.product-type.tool";
		};
/* End PBXNativeTarget section */

/* Begin PBXProject section */
		4C814B0C1E9323DD00DCABBF /* Project object */ = {
			isa = PBXProject;
			attributes = {
				KnownAssetTags = (
					New,
				);
				LastUpgradeCheck = 0820;
				ORGANIZATIONNAME = "Michael Holmes";
				TargetAttributes = {
					4C814B131E9323DD00DCABBF = {
						CreatedOnToolsVersion = 8.2.1;
						DevelopmentTeam = 672898JJ45;
						ProvisioningStyle = Automatic;
					};
				};
			};
			buildConfigurationList = 4C814B0F1E9323DD00DCABBF /* Build configuration list for PBXProject "pequad-c" */;
			compatibilityVersion = "Xcode 3.2";
			developmentRegion = English;
			hasScannedForEncodings = 0;
			knownRegions = (
				en,
			);
			mainGroup = 4C814B0B1E9323DD00DCABBF;
			productRefGroup = 4C814B151E9323DD00DCABBF /* Products */;
			projectDirPath = "";
			projectRoot = "";
			targets = (
				4C814B131E9323DD00DCABBF /* pequad-c */,
			);
		};
/* End PBXProject section */

/* Begin PBXSourcesBuildPhase section */
		4C814B101E9323DD00DCABBF /* Sources */ = {
			isa = PBXSourcesBuildPhase;
			buildActionMask = 2147483647;
			files = (
				4C153E041E9CF2EB00E26687 /* PEQ_geometry.c in Sources */,
				4C153E021E9CF2EB00E26687 /* PEQ_colour.c in Sources */,
				4C153E011E9CF2EB00E26687 /* main.c in Sources */,
				4C153E061E9CF2EB00E26687 /* PEQ_utility.c in Sources */,
				4C153E031E9CF2EB00E26687 /* PEQ_engine.c in Sources */,
				4C153E051E9CF2EB00E26687 /* PEQ_object.c in Sources */,
			);
			runOnlyForDeploymentPostprocessing = 0;
		};
/* End PBXSourcesBuildPhase section */

/* Begin XCBuildConfiguration section */
		4C814B191E9323DD00DCABBF /* Debug */ = {
			isa = XCBuildConfiguration;
			buildSettings = {
				ALWAYS_SEARCH_USER_PATHS = NO;
				CLANG_ANALYZER_NONNULL = YES;
				CLANG_CXX_LANGUAGE_STANDARD = "gnu++0x";
				CLANG_CXX_LIBRARY = "libc++";
				CLANG_ENABLE_MODULES = YES;
				CLANG_ENABLE_OBJC_ARC = YES;
				CLANG_WARN_BOOL_CONVERSION = YES;
				CLANG_WARN_CONSTANT_CONVERSION = YES;
				CLANG_WARN_DIRECT_OBJC_ISA_USAGE = YES_ERROR;
				CLANG_WARN_DOCUMENTATION_COMMENTS = YES;
				CLANG_WARN_EMPTY_BODY = YES;
				CLANG_WARN_ENUM_CONVERSION = YES;
				CLANG_WARN_INFINITE_RECURSION = YES;
				CLANG_WARN_INT_CONVERSION = YES;
				CLANG_WARN_OBJC_ROOT_CLASS = YES_ERROR;
				CLANG_WARN_SUSPICIOUS_MOVE = YES;
				CLANG_WARN_UNREACHABLE_CODE = YES;
				CLANG_WARN__DUPLICATE_METHOD_MATCH = YES;
				CODE_SIGN_IDENTITY = "-";
				COPY_PHASE_STRIP = NO;
				DEBUG_INFORMATION_FORMAT = dwarf;
				ENABLE_STRICT_OBJC_MSGSEND = YES;
				ENABLE_TESTABILITY = YES;
				GCC_C_LANGUAGE_STANDARD = gnu99;
				GCC_DYNAMIC_NO_PIC = NO;
				GCC_NO_COMMON_BLOCKS = YES;
				GCC_OPTIMIZATION_LEVEL = 0;
				GCC_PREPROCESSOR_DEFINITIONS = (
					"DEBUG=1",
					"$(inherited)",
				);
				GCC_WARN_64_TO_32_BIT_CONVERSION = YES;
				GCC_WARN_ABOUT_RETURN_TYPE = YES_ERROR;
				GCC_WARN_UNDECLARED_SELECTOR = YES;
				GCC_WARN_UNINITIALIZED_AUTOS = YES_AGGRESSIVE;
				GCC_WARN_UNUSED_FUNCTION = YES;
				GCC_WARN_UNUSED_VARIABLE = YES;
				MACOSX_DEPLOYMENT_TARGET = 10.12;
				MTL_ENABLE_DEBUG_INFO = YES;
				ONLY_ACTIVE_ARCH = YES;
				SDKROOT = macosx;
			};
			name = Debug;
		};
		4C814B1A1E9323DD00DCABBF /* Release */ = {
			isa = XCBuildConfiguration;
			buildSettings = {
				ALWAYS_SEARCH_USER_PATHS = NO;
				CLANG_ANALYZER_NONNULL = YES;
				CLANG_CXX_LANGUAGE_STANDARD = "gnu++0x";
				CLANG_CXX_LIBRARY = "libc++";
				CLANG_ENABLE_MODULES = YES;
				CLANG_ENABLE_OBJC_ARC = YES;
				CLANG_WARN_BOOL_CONVERSION = YES;
				CLANG_WARN_CONSTANT_CONVERSION = YES;
				CLANG_WARN_DIRECT_OBJC_ISA_USAGE = YES_ERROR;
				CLANG_WARN_DOCUMENTATION_COMMENTS = YES;
				CLANG_WARN_EMPTY_BODY = YES;
				CLANG_WARN_ENUM_CONVERSION = YES;
				CLANG_WARN_INFINITE_RECURSION = YES;
				CLANG_WARN_INT_CONVERSION = YES;
				CLANG_WARN_OBJC_ROOT_CLASS = YES_ERROR;
				CLANG_WARN_SUSPICIOUS_MOVE = YES;
				CLANG_WARN_UNREACHABLE_CODE = YES;
				CLANG_WARN__DUPLICATE_METHOD_MATCH = YES;
				CODE_SIGN_IDENTITY = "-";
				COPY_PHASE_STRIP = NO;
				DEBUG_INFORMATION_FORMAT = "dwarf-with-dsym";
				ENABLE_NS_ASSERTIONS = NO;
				ENABLE_STRICT_OBJC_MSGSEND = YES;
				GCC_C_LANGUAGE_STANDARD = gnu99;
				GCC_NO_COMMON_BLOCKS = YES;
				GCC_WARN_64_TO_32_BIT_CONVERSION = YES;
				GCC_WARN_ABOUT_RETURN_TYPE = YES_ERROR;
				GCC_WARN_UNDECLARED_SELECTOR = YES;
				GCC_WARN_UNINITIALIZED_AUTOS = YES_AGGRESSIVE;
				GCC_WARN_UNUSED_FUNCTION = YES;
				GCC_WARN_UNUSED_VARIABLE = YES;
				MACOSX_DEPLOYMENT_TARGET = 10.12;
				MTL_ENABLE_DEBUG_INFO = NO;
				SDKROOT = macosx;
			};
			name = Release;
		};
		4C814B1C1E9323DD00DCABBF /* Debug */ = {
			isa = XCBuildConfiguration;
			buildSettings = {
				DEVELOPMENT_TEAM = 672898JJ45;
				FRAMEWORK_SEARCH_PATHS = (
					"$(inherited)",
					"$(USER_LIBRARY_DIR)/Frameworks",
					"$(LOCAL_LIBRARY_DIR)/Frameworks",
				);
				PRODUCT_NAME = "$(TARGET_NAME)";
			};
			name = Debug;
		};
		4C814B1D1E9323DD00DCABBF /* Release */ = {
			isa = XCBuildConfiguration;
			buildSettings = {
				DEVELOPMENT_TEAM = 672898JJ45;
				FRAMEWORK_SEARCH_PATHS = (
					"$(inherited)",
					"$(USER_LIBRARY_DIR)/Frameworks",
					"$(LOCAL_LIBRARY_DIR)/Frameworks",
				);
				PRODUCT_NAME = "$(TARGET_NAME)";
			};
			name = Release;
		};
/* End XCBuildConfiguration section */

/* Begin XCConfigurationList section */
		4C814B0F1E9323DD00DCABBF /* Build configuration list for PBXProject "pequad-c" */ = {
			isa = XCConfigurationList;
			buildConfigurations = (
				4C814B191E9323DD00DCABBF /* Debug */,
				4C814B1A1E9323DD00DCABBF /* Release */,
			);
			defaultConfigurationIsVisible = 0;
			defaultConfigurationName = Release;
		};
		4C814B1B1E9323DD00DCABBF /* Build configuration list for PBXNativeTarget "pequad-c" */ = {
			isa = XCConfigurationList;
			buildConfigurations = (
				4C814B1C1E9323DD00DCABBF /* Debug */,
				4C814B1D1E9323DD00DCABBF /* Release */,
			);
			defaultConfigurationIsVisible = 0;
			defaultConfigurationName = Release;
		};
/* End XCConfigurationList section */
	};
	rootObject = 4C814B0C1E9323DD00DCABBF /* Project object */;
}
